
Microsoft Visual Studio Solution File, Format Version 12.00
# Visual Studio Version 17
VisualStudioVersion = 17.8.34330.188
MinimumVisualStudioVersion = 10.0.40219.1
Project("{FAE04EC0-301F-11D3-BF4B-00C04F79EFBC}") = "Domashna.Next", "Domashna.Next\Domashna.Next.csproj", "{8D377C99-87ED-4536-8F87-9E1CF1AF62F3}"
EndProject
Global
	GlobalSection(SolutionConfigurationPlatforms) = preSolution
		Debug|Any CPU = Debug|Any CPU
		Release|Any CPU = Release|Any CPU
	EndGlobalSection
	GlobalSection(ProjectConfigurationPlatforms) = postSolution
		{8D377C99-87ED-4536-8F87-9E1CF1AF62F3}.Debug|Any CPU.ActiveCfg = Debug|Any CPU
		{8D377C99-87ED-4536-8F87-9E1CF1AF62F3}.Debug|Any CPU.Build.0 = Debug|Any CPU
		{8D377C99-87ED-4536-8F87-9E1CF1AF62F3}.Release|Any CPU.ActiveCfg = Release|Any CPU
		{8D377C99-87ED-4536-8F87-9E1CF1AF62F3}.Release|Any CPU.Build.0 = Release|Any CPU
	EndGlobalSection
	GlobalSection(SolutionProperties) = preSolution
		HideSolutionNode = FALSE
	EndGlobalSection
	GlobalSection(ExtensibilityGlobals) = postSolution
		SolutionGuid = {FF13EF9A-25AB-48F2-8733-6F1214B3A34E}
	EndGlobalSection
EndGlobal
